
Microsoft Visual Studio Solution File, Format Version 12.00
# Visual Studio 15
VisualStudioVersion = 15.0.26228.4
MinimumVisualStudioVersion = 10.0.40219.1
Project("{FAE04EC0-301F-11D3-BF4B-00C04F79EFBC}") = "TimerApp", "TimerApp\TimerApp.csproj", "{841C8CE8-7D17-47CD-BDAB-CCA7DE8E2BFE}"
EndProject
Global
	GlobalSection(SolutionConfigurationPlatforms) = preSolution
		Debug|Any CPU = Debug|Any CPU
		Release|Any CPU = Release|Any CPU
	EndGlobalSection
	GlobalSection(ProjectConfigurationPlatforms) = postSolution
		{841C8CE8-7D17-47CD-BDAB-CCA7DE8E2BFE}.Debug|Any CPU.ActiveCfg = Debug|Any CPU
		{841C8CE8-7D17-47CD-BDAB-CCA7DE8E2BFE}.Debug|Any CPU.Build.0 = Debug|Any CPU
		{841C8CE8-7D17-47CD-BDAB-CCA7DE8E2BFE}.Release|Any CPU.ActiveCfg = Release|Any CPU
		{841C8CE8-7D17-47CD-BDAB-CCA7DE8E2BFE}.Release|Any CPU.Build.0 = Release|Any CPU
	EndGlobalSection
	GlobalSection(SolutionProperties) = preSolution
		HideSolutionNode = FALSE
	EndGlobalSection
EndGlobal
